// !$*UTF8*$!
{
	archiveVersion = 1;
	classes = {
	};
	objectVersion = 46;
	objects = {

/* Begin PBXBuildFile section */
		CD1065941DB7E3770026CE2D /* libglfw3.3.2.dylib in Frameworks */ = {isa = PBXBuildFile; fileRef = CD1065931DB7E3770026CE2D /* libglfw3.3.2.dylib */; };
		CD1065961DB7E3840026CE2D /* libGLEW.2.0.0.dylib in Frameworks */ = {isa = PBXBuildFile; fileRef = CD1065951DB7E3840026CE2D /* libGLEW.2.0.0.dylib */; };
		CD1065971DB7E9340026CE2D /* OpenGL.framework in Frameworks */ = {isa = PBXBuildFile; fileRef = CD9D72961DA46AC1005D2B00 /* OpenGL.framework */; };
		CD2B671D1DE85B0700140D8F /* libSOIL.1.07.dylib in Frameworks */ = {isa = PBXBuildFile; fileRef = CD2B671C1DE85B0700140D8F /* libSOIL.1.07.dylib */; };
		CD2B67201DE9D40700140D8F /* Child.cpp in Sources */ = {isa = PBXBuildFile; fileRef = CD2B671E1DE9D40700140D8F /* Child.cpp */; };
		CD33E0D81DFC380800ABF15C /* libfreetype.6.dylib in Frameworks */ = {isa = PBXBuildFile; fileRef = CD33E0D71DFC380800ABF15C /* libfreetype.6.dylib */; };
		CD33E0DB1DFC544600ABF15C /* Text.cpp in Sources */ = {isa = PBXBuildFile; fileRef = CD33E0D91DFC544600ABF15C /* Text.cpp */; };
		CD33E0E11DFC55B200ABF15C /* Text2D.cpp in Sources */ = {isa = PBXBuildFile; fileRef = CD33E0DF1DFC55B200ABF15C /* Text2D.cpp */; };
		CD33E0E41DFC56F700ABF15C /* TextRenderer.cpp in Sources */ = {isa = PBXBuildFile; fileRef = CD33E0E21DFC56F700ABF15C /* TextRenderer.cpp */; };
		CD59D6621DF4EF8F00487DAB /* Scenes in Resources */ = {isa = PBXBuildFile; fileRef = CD59D6611DF4EF8F00487DAB /* Scenes */; };
		CD59D6641DF4EF9600487DAB /* Materials in Resources */ = {isa = PBXBuildFile; fileRef = CD59D6631DF4EF9600487DAB /* Materials */; };
		CD5CDE021DC3CAFE006B12A9 /* WavefrontParser.cpp in Sources */ = {isa = PBXBuildFile; fileRef = CD5CDE001DC3CAFE006B12A9 /* WavefrontParser.cpp */; };
		CD85A1161DAD8308000511ED /* Scene.cpp in Sources */ = {isa = PBXBuildFile; fileRef = CD85A1141DAD8308000511ED /* Scene.cpp */; };
		CD9D72621DA44E54005D2B00 /* ResourcePath.mm in Sources */ = {isa = PBXBuildFile; fileRef = CD9D72611DA44E54005D2B00 /* ResourcePath.mm */; };
		CD9D72651DA44E54005D2B00 /* main.cpp in Sources */ = {isa = PBXBuildFile; fileRef = CD9D72641DA44E54005D2B00 /* main.cpp */; };
		CD9D726C1DA44E54005D2B00 /* sansation.ttf in Resources */ = {isa = PBXBuildFile; fileRef = CD9D726B1DA44E54005D2B00 /* sansation.ttf */; };
		CD9D72791DA450AC005D2B00 /* Mesh.cpp in Sources */ = {isa = PBXBuildFile; fileRef = CD9D72771DA450AC005D2B00 /* Mesh.cpp */; };
		CD9D727C1DA450B3005D2B00 /* Object.cpp in Sources */ = {isa = PBXBuildFile; fileRef = CD9D727A1DA450B3005D2B00 /* Object.cpp */; };
		CD9D727F1DA450BB005D2B00 /* Texture.cpp in Sources */ = {isa = PBXBuildFile; fileRef = CD9D727D1DA450BB005D2B00 /* Texture.cpp */; };
		CD9D72821DA450C3005D2B00 /* Material.cpp in Sources */ = {isa = PBXBuildFile; fileRef = CD9D72801DA450C3005D2B00 /* Material.cpp */; };
		CD9D72851DA450C9005D2B00 /* Camera.cpp in Sources */ = {isa = PBXBuildFile; fileRef = CD9D72831DA450C9005D2B00 /* Camera.cpp */; };
		CD9D72881DA450D4005D2B00 /* SpotLight.cpp in Sources */ = {isa = PBXBuildFile; fileRef = CD9D72861DA450D4005D2B00 /* SpotLight.cpp */; };
		CD9D728B1DA450DC005D2B00 /* DirectionalLight.cpp in Sources */ = {isa = PBXBuildFile; fileRef = CD9D72891DA450DC005D2B00 /* DirectionalLight.cpp */; };
		CD9D728E1DA450E4005D2B00 /* PointLight.cpp in Sources */ = {isa = PBXBuildFile; fileRef = CD9D728C1DA450E4005D2B00 /* PointLight.cpp */; };
		CD9D72941DA453F2005D2B00 /* Window.cpp in Sources */ = {isa = PBXBuildFile; fileRef = CD9D72921DA453F2005D2B00 /* Window.cpp */; };
		CDCA25101DC888EE00477D13 /* libjsoncpp.1.7.7.dylib in Frameworks */ = {isa = PBXBuildFile; fileRef = CDCA250F1DC888EE00477D13 /* libjsoncpp.1.7.7.dylib */; };
		CDCE8EC21DF44A9900DC3D2B /* Shader.cpp in Sources */ = {isa = PBXBuildFile; fileRef = CDCE8EC01DF44A9900DC3D2B /* Shader.cpp */; };
		CDD5AE141DB58CFB00D35F30 /* Shaders in Resources */ = {isa = PBXBuildFile; fileRef = CDD5AE131DB58CFB00D35F30 /* Shaders */; };
		CDDD34251DE679A300D52AED /* FreeCamera.cpp in Sources */ = {isa = PBXBuildFile; fileRef = CDDD34231DE679A300D52AED /* FreeCamera.cpp */; };
		CDE9D1C21DE7C2A500D09B80 /* Textures in Resources */ = {isa = PBXBuildFile; fileRef = CDE9D1C11DE7C2A500D09B80 /* Textures */; };
		CDFB6BEF1DC7DFE20066112E /* Models in Resources */ = {isa = PBXBuildFile; fileRef = CDFB6BEE1DC7DFE20066112E /* Models */; };
/* End PBXBuildFile section */

/* Begin PBXFileReference section */
		CD1065931DB7E3770026CE2D /* libglfw3.3.2.dylib */ = {isa = PBXFileReference; lastKnownFileType = "compiled.mach-o.dylib"; name = libglfw3.3.2.dylib; path = ../../../../usr/local/Cellar/glfw3/3.2.1/lib/libglfw3.3.2.dylib; sourceTree = "<group>"; };
		CD1065951DB7E3840026CE2D /* libGLEW.2.0.0.dylib */ = {isa = PBXFileReference; lastKnownFileType = "compiled.mach-o.dylib"; name = libGLEW.2.0.0.dylib; path = ../../../../usr/local/Cellar/glew/2.0.0/lib/libGLEW.2.0.0.dylib; sourceTree = "<group>"; };
		CD2B671C1DE85B0700140D8F /* libSOIL.1.07.dylib */ = {isa = PBXFileReference; lastKnownFileType = "compiled.mach-o.dylib"; name = libSOIL.1.07.dylib; path = ../../../../usr/local/lib/libSOIL.1.07.dylib; sourceTree = "<group>"; };
		CD2B671E1DE9D40700140D8F /* Child.cpp */ = {isa = PBXFileReference; fileEncoding = 4; lastKnownFileType = sourcecode.cpp.cpp; path = Child.cpp; sourceTree = "<group>"; };
		CD2B671F1DE9D40700140D8F /* Child.hpp */ = {isa = PBXFileReference; fileEncoding = 4; lastKnownFileType = sourcecode.cpp.h; path = Child.hpp; sourceTree = "<group>"; };
		CD33E0D71DFC380800ABF15C /* libfreetype.6.dylib */ = {isa = PBXFileReference; lastKnownFileType = "compiled.mach-o.dylib"; name = libfreetype.6.dylib; path = ../../../../usr/local/lib/libfreetype.6.dylib; sourceTree = "<group>"; };
		CD33E0D91DFC544600ABF15C /* Text.cpp */ = {isa = PBXFileReference; fileEncoding = 4; lastKnownFileType = sourcecode.cpp.cpp; path = Text.cpp; sourceTree = "<group>"; };
		CD33E0DA1DFC544600ABF15C /* Text.hpp */ = {isa = PBXFileReference; fileEncoding = 4; lastKnownFileType = sourcecode.cpp.h; path = Text.hpp; sourceTree = "<group>"; };
		CD33E0DF1DFC55B200ABF15C /* Text2D.cpp */ = {isa = PBXFileReference; fileEncoding = 4; lastKnownFileType = sourcecode.cpp.cpp; path = Text2D.cpp; sourceTree = "<group>"; };
		CD33E0E01DFC55B200ABF15C /* Text2D.hpp */ = {isa = PBXFileReference; fileEncoding = 4; lastKnownFileType = sourcecode.cpp.h; path = Text2D.hpp; sourceTree = "<group>"; };
		CD33E0E21DFC56F700ABF15C /* TextRenderer.cpp */ = {isa = PBXFileReference; fileEncoding = 4; lastKnownFileType = sourcecode.cpp.cpp; path = TextRenderer.cpp; sourceTree = "<group>"; };
		CD33E0E31DFC56F700ABF15C /* TextRenderer.hpp */ = {isa = PBXFileReference; fileEncoding = 4; lastKnownFileType = sourcecode.cpp.h; path = TextRenderer.hpp; sourceTree = "<group>"; };
		CD59D6611DF4EF8F00487DAB /* Scenes */ = {isa = PBXFileReference; lastKnownFileType = folder; path = Scenes; sourceTree = "<group>"; };
		CD59D6631DF4EF9600487DAB /* Materials */ = {isa = PBXFileReference; lastKnownFileType = folder; path = Materials; sourceTree = "<group>"; };
		CD5CDE001DC3CAFE006B12A9 /* WavefrontParser.cpp */ = {isa = PBXFileReference; fileEncoding = 4; lastKnownFileType = sourcecode.cpp.cpp; path = WavefrontParser.cpp; sourceTree = "<group>"; };
		CD5CDE011DC3CAFE006B12A9 /* WavefrontParser.hpp */ = {isa = PBXFileReference; fileEncoding = 4; lastKnownFileType = sourcecode.cpp.h; path = WavefrontParser.hpp; sourceTree = "<group>"; };
		CD85A1141DAD8308000511ED /* Scene.cpp */ = {isa = PBXFileReference; fileEncoding = 4; lastKnownFileType = sourcecode.cpp.cpp; path = Scene.cpp; sourceTree = "<group>"; };
		CD85A1151DAD8308000511ED /* Scene.hpp */ = {isa = PBXFileReference; fileEncoding = 4; lastKnownFileType = sourcecode.cpp.h; path = Scene.hpp; sourceTree = "<group>"; };
		CD9D725C1DA44E54005D2B00 /* locus.app */ = {isa = PBXFileReference; explicitFileType = wrapper.application; includeInIndex = 0; path = locus.app; sourceTree = BUILT_PRODUCTS_DIR; };
		CD9D72601DA44E54005D2B00 /* locus-Info.plist */ = {isa = PBXFileReference; lastKnownFileType = text.plist.xml; path = "locus-Info.plist"; sourceTree = "<group>"; };
		CD9D72611DA44E54005D2B00 /* ResourcePath.mm */ = {isa = PBXFileReference; lastKnownFileType = sourcecode.cpp.objcpp; path = ResourcePath.mm; sourceTree = "<group>"; };
		CD9D72631DA44E54005D2B00 /* ResourcePath.hpp */ = {isa = PBXFileReference; lastKnownFileType = sourcecode.cpp.h; path = ResourcePath.hpp; sourceTree = "<group>"; };
		CD9D72641DA44E54005D2B00 /* main.cpp */ = {isa = PBXFileReference; lastKnownFileType = sourcecode.cpp.cpp; path = main.cpp; sourceTree = "<group>"; };
		CD9D726B1DA44E54005D2B00 /* sansation.ttf */ = {isa = PBXFileReference; lastKnownFileType = file; path = sansation.ttf; sourceTree = "<group>"; };
		CD9D72771DA450AC005D2B00 /* Mesh.cpp */ = {isa = PBXFileReference; fileEncoding = 4; lastKnownFileType = sourcecode.cpp.cpp; path = Mesh.cpp; sourceTree = "<group>"; };
		CD9D72781DA450AC005D2B00 /* Mesh.hpp */ = {isa = PBXFileReference; fileEncoding = 4; lastKnownFileType = sourcecode.cpp.h; path = Mesh.hpp; sourceTree = "<group>"; };
		CD9D727A1DA450B3005D2B00 /* Object.cpp */ = {isa = PBXFileReference; fileEncoding = 4; lastKnownFileType = sourcecode.cpp.cpp; path = Object.cpp; sourceTree = "<group>"; };
		CD9D727B1DA450B3005D2B00 /* Object.hpp */ = {isa = PBXFileReference; fileEncoding = 4; lastKnownFileType = sourcecode.cpp.h; path = Object.hpp; sourceTree = "<group>"; };
		CD9D727D1DA450BB005D2B00 /* Texture.cpp */ = {isa = PBXFileReference; fileEncoding = 4; lastKnownFileType = sourcecode.cpp.cpp; path = Texture.cpp; sourceTree = "<group>"; };
		CD9D727E1DA450BB005D2B00 /* Texture.hpp */ = {isa = PBXFileReference; fileEncoding = 4; lastKnownFileType = sourcecode.cpp.h; path = Texture.hpp; sourceTree = "<group>"; };
		CD9D72801DA450C3005D2B00 /* Material.cpp */ = {isa = PBXFileReference; fileEncoding = 4; lastKnownFileType = sourcecode.cpp.cpp; path = Material.cpp; sourceTree = "<group>"; };
		CD9D72811DA450C3005D2B00 /* Material.hpp */ = {isa = PBXFileReference; fileEncoding = 4; lastKnownFileType = sourcecode.cpp.h; path = Material.hpp; sourceTree = "<group>"; };
		CD9D72831DA450C9005D2B00 /* Camera.cpp */ = {isa = PBXFileReference; fileEncoding = 4; lastKnownFileType = sourcecode.cpp.cpp; path = Camera.cpp; sourceTree = "<group>"; };
		CD9D72841DA450C9005D2B00 /* Camera.hpp */ = {isa = PBXFileReference; fileEncoding = 4; lastKnownFileType = sourcecode.cpp.h; path = Camera.hpp; sourceTree = "<group>"; };
		CD9D72861DA450D4005D2B00 /* SpotLight.cpp */ = {isa = PBXFileReference; fileEncoding = 4; lastKnownFileType = sourcecode.cpp.cpp; path = SpotLight.cpp; sourceTree = "<group>"; };
		CD9D72871DA450D4005D2B00 /* SpotLight.hpp */ = {isa = PBXFileReference; fileEncoding = 4; lastKnownFileType = sourcecode.cpp.h; path = SpotLight.hpp; sourceTree = "<group>"; };
		CD9D72891DA450DC005D2B00 /* DirectionalLight.cpp */ = {isa = PBXFileReference; fileEncoding = 4; lastKnownFileType = sourcecode.cpp.cpp; path = DirectionalLight.cpp; sourceTree = "<group>"; };
		CD9D728A1DA450DC005D2B00 /* DirectionalLight.hpp */ = {isa = PBXFileReference; fileEncoding = 4; lastKnownFileType = sourcecode.cpp.h; path = DirectionalLight.hpp; sourceTree = "<group>"; };
		CD9D728C1DA450E4005D2B00 /* PointLight.cpp */ = {isa = PBXFileReference; fileEncoding = 4; lastKnownFileType = sourcecode.cpp.cpp; path = PointLight.cpp; sourceTree = "<group>"; };
		CD9D728D1DA450E4005D2B00 /* PointLight.hpp */ = {isa = PBXFileReference; fileEncoding = 4; lastKnownFileType = sourcecode.cpp.h; path = PointLight.hpp; sourceTree = "<group>"; };
		CD9D72921DA453F2005D2B00 /* Window.cpp */ = {isa = PBXFileReference; fileEncoding = 4; lastKnownFileType = sourcecode.cpp.cpp; path = Window.cpp; sourceTree = "<group>"; };
		CD9D72931DA453F2005D2B00 /* Window.hpp */ = {isa = PBXFileReference; fileEncoding = 4; lastKnownFileType = sourcecode.cpp.h; path = Window.hpp; sourceTree = "<group>"; };
		CD9D72961DA46AC1005D2B00 /* OpenGL.framework */ = {isa = PBXFileReference; lastKnownFileType = wrapper.framework; name = OpenGL.framework; path = System/Library/Frameworks/OpenGL.framework; sourceTree = SDKROOT; };
		CDCA250F1DC888EE00477D13 /* libjsoncpp.1.7.7.dylib */ = {isa = PBXFileReference; lastKnownFileType = "compiled.mach-o.dylib"; name = libjsoncpp.1.7.7.dylib; path = ../../../../usr/local/Cellar/jsoncpp/1.7.7/lib/libjsoncpp.1.7.7.dylib; sourceTree = "<group>"; };
		CDCE8EC01DF44A9900DC3D2B /* Shader.cpp */ = {isa = PBXFileReference; fileEncoding = 4; lastKnownFileType = sourcecode.cpp.cpp; path = Shader.cpp; sourceTree = "<group>"; };
		CDCE8EC11DF44A9900DC3D2B /* Shader.hpp */ = {isa = PBXFileReference; fileEncoding = 4; lastKnownFileType = sourcecode.cpp.h; path = Shader.hpp; sourceTree = "<group>"; };
		CDD5AE131DB58CFB00D35F30 /* Shaders */ = {isa = PBXFileReference; lastKnownFileType = folder; path = Shaders; sourceTree = "<group>"; };
		CDDD34231DE679A300D52AED /* FreeCamera.cpp */ = {isa = PBXFileReference; fileEncoding = 4; lastKnownFileType = sourcecode.cpp.cpp; path = FreeCamera.cpp; sourceTree = "<group>"; };
		CDDD34241DE679A300D52AED /* FreeCamera.hpp */ = {isa = PBXFileReference; fileEncoding = 4; lastKnownFileType = sourcecode.cpp.h; path = FreeCamera.hpp; sourceTree = "<group>"; };
		CDE9D1BF1DE7C20500D09B80 /* libSOIL.a */ = {isa = PBXFileReference; lastKnownFileType = archive.ar; name = libSOIL.a; path = locus/lib/libSOIL.a; sourceTree = "<group>"; };
		CDE9D1C11DE7C2A500D09B80 /* Textures */ = {isa = PBXFileReference; lastKnownFileType = folder; path = Textures; sourceTree = "<group>"; };
		CDE9D1C31DE7C3F200D09B80 /* libSOIL.dylib */ = {isa = PBXFileReference; lastKnownFileType = "compiled.mach-o.dylib"; name = libSOIL.dylib; path = ../../../../opt/local/lib/libSOIL.dylib; sourceTree = "<group>"; };
		CDFB6BEE1DC7DFE20066112E /* Models */ = {isa = PBXFileReference; lastKnownFileType = folder; path = Models; sourceTree = "<group>"; };
/* End PBXFileReference section */

/* Begin PBXFrameworksBuildPhase section */
		CD9D72581DA44E54005D2B00 /* Frameworks */ = {
			isa = PBXFrameworksBuildPhase;
			buildActionMask = 2147483647;
			files = (
				CD33E0D81DFC380800ABF15C /* libfreetype.6.dylib in Frameworks */,
				CD2B671D1DE85B0700140D8F /* libSOIL.1.07.dylib in Frameworks */,
				CDCA25101DC888EE00477D13 /* libjsoncpp.1.7.7.dylib in Frameworks */,
				CD1065971DB7E9340026CE2D /* OpenGL.framework in Frameworks */,
				CD1065961DB7E3840026CE2D /* libGLEW.2.0.0.dylib in Frameworks */,
				CD1065941DB7E3770026CE2D /* libglfw3.3.2.dylib in Frameworks */,
			);
			runOnlyForDeploymentPostprocessing = 0;
		};
/* End PBXFrameworksBuildPhase section */

/* Begin PBXGroup section */
		CD9D72521DA44E54005D2B00 = {
			isa = PBXGroup;
			children = (
				CD9D725E1DA44E54005D2B00 /* locus */,
				CD9D725D1DA44E54005D2B00 /* Products */,
				CD9D72951DA46AC1005D2B00 /* Frameworks */,
			);
			sourceTree = "<group>";
		};
		CD9D725D1DA44E54005D2B00 /* Products */ = {
			isa = PBXGroup;
			children = (
				CD9D725C1DA44E54005D2B00 /* locus.app */,
			);
			name = Products;
			sourceTree = "<group>";
		};
		CD9D725E1DA44E54005D2B00 /* locus */ = {
			isa = PBXGroup;
			children = (
				CD9D72611DA44E54005D2B00 /* ResourcePath.mm */,
				CD9D72631DA44E54005D2B00 /* ResourcePath.hpp */,
				CD9D72641DA44E54005D2B00 /* main.cpp */,
				CD9D72661DA44E54005D2B00 /* Resources */,
				CD9D725F1DA44E54005D2B00 /* Supporting Files */,
				CD2B671E1DE9D40700140D8F /* Child.cpp */,
				CD2B671F1DE9D40700140D8F /* Child.hpp */,
				CD85A1141DAD8308000511ED /* Scene.cpp */,
				CD85A1151DAD8308000511ED /* Scene.hpp */,
				CD9D72771DA450AC005D2B00 /* Mesh.cpp */,
				CD9D72781DA450AC005D2B00 /* Mesh.hpp */,
				CD9D727A1DA450B3005D2B00 /* Object.cpp */,
				CD9D727B1DA450B3005D2B00 /* Object.hpp */,
				CDCE8EC01DF44A9900DC3D2B /* Shader.cpp */,
				CDCE8EC11DF44A9900DC3D2B /* Shader.hpp */,
				CD9D727D1DA450BB005D2B00 /* Texture.cpp */,
				CD9D727E1DA450BB005D2B00 /* Texture.hpp */,
				CD9D72801DA450C3005D2B00 /* Material.cpp */,
				CD9D72811DA450C3005D2B00 /* Material.hpp */,
				CD9D72831DA450C9005D2B00 /* Camera.cpp */,
				CD9D72841DA450C9005D2B00 /* Camera.hpp */,
				CDDD34231DE679A300D52AED /* FreeCamera.cpp */,
				CDDD34241DE679A300D52AED /* FreeCamera.hpp */,
				CD9D72861DA450D4005D2B00 /* SpotLight.cpp */,
				CD9D72871DA450D4005D2B00 /* SpotLight.hpp */,
				CD9D72891DA450DC005D2B00 /* DirectionalLight.cpp */,
				CD9D728A1DA450DC005D2B00 /* DirectionalLight.hpp */,
				CD9D728C1DA450E4005D2B00 /* PointLight.cpp */,
				CD9D728D1DA450E4005D2B00 /* PointLight.hpp */,
				CD9D72921DA453F2005D2B00 /* Window.cpp */,
				CD9D72931DA453F2005D2B00 /* Window.hpp */,
				CD5CDE001DC3CAFE006B12A9 /* WavefrontParser.cpp */,
				CD5CDE011DC3CAFE006B12A9 /* WavefrontParser.hpp */,
				CD33E0D91DFC544600ABF15C /* Text.cpp */,
				CD33E0DA1DFC544600ABF15C /* Text.hpp */,
				CD33E0DF1DFC55B200ABF15C /* Text2D.cpp */,
				CD33E0E01DFC55B200ABF15C /* Text2D.hpp */,
				CD33E0E21DFC56F700ABF15C /* TextRenderer.cpp */,
				CD33E0E31DFC56F700ABF15C /* TextRenderer.hpp */,
			);
			path = locus;
			sourceTree = "<group>";
		};
		CD9D725F1DA44E54005D2B00 /* Supporting Files */ = {
			isa = PBXGroup;
			children = (
				CD9D72601DA44E54005D2B00 /* locus-Info.plist */,
			);
			name = "Supporting Files";
			sourceTree = "<group>";
		};
		CD9D72661DA44E54005D2B00 /* Resources */ = {
			isa = PBXGroup;
			children = (
				CD59D6631DF4EF9600487DAB /* Materials */,
				CD59D6611DF4EF8F00487DAB /* Scenes */,
				CDE9D1C11DE7C2A500D09B80 /* Textures */,
				CDFB6BEE1DC7DFE20066112E /* Models */,
				CDD5AE131DB58CFB00D35F30 /* Shaders */,
				CD9D726B1DA44E54005D2B00 /* sansation.ttf */,
			);
			name = Resources;
			sourceTree = "<group>";
		};
		CD9D72951DA46AC1005D2B00 /* Frameworks */ = {
			isa = PBXGroup;
			children = (
				CD33E0D71DFC380800ABF15C /* libfreetype.6.dylib */,
				CD2B671C1DE85B0700140D8F /* libSOIL.1.07.dylib */,
				CDE9D1C31DE7C3F200D09B80 /* libSOIL.dylib */,
				CDE9D1BF1DE7C20500D09B80 /* libSOIL.a */,
				CDCA250F1DC888EE00477D13 /* libjsoncpp.1.7.7.dylib */,
				CD1065951DB7E3840026CE2D /* libGLEW.2.0.0.dylib */,
				CD1065931DB7E3770026CE2D /* libglfw3.3.2.dylib */,
				CD9D72961DA46AC1005D2B00 /* OpenGL.framework */,
			);
			name = Frameworks;
			sourceTree = "<group>";
		};
/* End PBXGroup section */

/* Begin PBXNativeTarget section */
		CD9D725B1DA44E54005D2B00 /* locus */ = {
			isa = PBXNativeTarget;
			buildConfigurationList = CD9D72711DA44E54005D2B00 /* Build configuration list for PBXNativeTarget "locus" */;
			buildPhases = (
				CD9D72571DA44E54005D2B00 /* Sources */,
				CD9D72581DA44E54005D2B00 /* Frameworks */,
				CD9D72591DA44E54005D2B00 /* Resources */,
				CD9D725A1DA44E54005D2B00 /* Run Script */,
			);
			buildRules = (
			);
			dependencies = (
			);
			name = locus;
			productName = locus;
			productReference = CD9D725C1DA44E54005D2B00 /* locus.app */;
			productType = "com.apple.product-type.application";
		};
/* End PBXNativeTarget section */

/* Begin PBXProject section */
		CD9D72531DA44E54005D2B00 /* Project object */ = {
			isa = PBXProject;
			attributes = {
				LastUpgradeCheck = 0810;
				ORGANIZATIONNAME = majko;
				TargetAttributes = {
					CD9D725B1DA44E54005D2B00 = {
						CreatedOnToolsVersion = 8.0;
						ProvisioningStyle = Automatic;
					};
				};
			};
			buildConfigurationList = CD9D72561DA44E54005D2B00 /* Build configuration list for PBXProject "locus" */;
			compatibilityVersion = "Xcode 3.2";
			developmentRegion = English;
			hasScannedForEncodings = 0;
			knownRegions = (
				en,
			);
			mainGroup = CD9D72521DA44E54005D2B00;
			productRefGroup = CD9D725D1DA44E54005D2B00 /* Products */;
			projectDirPath = "";
			projectRoot = "";
			targets = (
				CD9D725B1DA44E54005D2B00 /* locus */,
			);
		};
/* End PBXProject section */

/* Begin PBXResourcesBuildPhase section */
		CD9D72591DA44E54005D2B00 /* Resources */ = {
			isa = PBXResourcesBuildPhase;
			buildActionMask = 2147483647;
			files = (
				CD59D6621DF4EF8F00487DAB /* Scenes in Resources */,
				CD59D6641DF4EF9600487DAB /* Materials in Resources */,
				CDE9D1C21DE7C2A500D09B80 /* Textures in Resources */,
				CDFB6BEF1DC7DFE20066112E /* Models in Resources */,
				CDD5AE141DB58CFB00D35F30 /* Shaders in Resources */,
				CD9D726C1DA44E54005D2B00 /* sansation.ttf in Resources */,
			);
			runOnlyForDeploymentPostprocessing = 0;
		};
/* End PBXResourcesBuildPhase section */

/* Begin PBXShellScriptBuildPhase section */
		CD9D725A1DA44E54005D2B00 /* Run Script */ = {
			isa = PBXShellScriptBuildPhase;
			buildActionMask = 2147483647;
			files = (
			);
			inputPaths = (
			);
			name = "Run Script";
			outputPaths = (
			);
			runOnlyForDeploymentPostprocessing = 0;
			shellPath = /bin/sh;
			shellScript = "# This shell script simply copies required SFML dylibs/frameworks into the application bundle frameworks folder.\n# If you're using static libraries (which is not recommended) you should remove this script from your project.\n\n# SETTINGS\nCMAKE_INSTALL_FRAMEWORK_PREFIX=\"/Library/Frameworks\"\nCMAKE_INSTALL_LIB_PREFIX=\"/usr/local/lib\"\nFRAMEWORKS_FULL_PATH=\"$BUILT_PRODUCTS_DIR/$FRAMEWORKS_FOLDER_PATH/\"\n\n# Are we building a project that uses frameworks or dylibs?\ncase \"$SFML_BINARY_TYPE\" in\n    DYLIBS)\n        frameworks=\"false\"\n        ;;\n    *)\n        frameworks=\"true\"\n        ;;\nesac\n\n# Echoes to stderr\nerror () # $* message to display\n{\n    echo $* 1>&2\n    exit 2\n}\n\nassert () # $1 is a boolean, $2...N is an error message\n{\n    if [ $# -lt 2 ]\n    then\n        error \"Internal error in assert: not enough args\"\n    fi\n\n    if [ $1 -ne 0 ]\n    then\n        shift\n        error \"$*\"\n    fi\n}\n\nforce_remove () # $@ is some paths\n{\n    test $# -ge 1\n    assert $? \"force_remove() requires at least one parameter\"\n    rm -fr $@\n    assert $? \"couldn't remove $@\"\n}\n\ncopy () # $1 is a source, $2 is a destination\n{\n    test $# -eq 2\n    assert $? \"copy() requires two parameters\"\n    ditto \"$1\" \"$2\"\n    assert $? \"couldn't copy $1 to $2\"\n}\n\nrequire () # $1 is a SFML module like 'system' or 'audio'\n{\n    dest=\"$BUILT_PRODUCTS_DIR/$FRAMEWORKS_FOLDER_PATH/\"\n\n    if [ -z \"$1\" ]\n    then\n        error \"require() requires one parameter!\"\n    else\n        # clean potentially old stuff\n        force_remove \"$dest/libsfml-$1\"*\n        force_remove \"$dest/sfml-$1.framework\"\n\n        # copy SFML libraries\n        if [ \"$frameworks\" = \"true\" ]\n        then\n            source=\"$CMAKE_INSTALL_FRAMEWORK_PREFIX/sfml-$1.framework\"\n            target=\"sfml-$1.framework\"\n        elif [ \"$SFML_LINK_DYLIBS_SUFFIX\" = \"-d\" ]\n        then\n            source=\"$CMAKE_INSTALL_LIB_PREFIX/libsfml-$1-d.dylib\"\n            target=\"`readlink $source`\"\n        else\n            source=\"$CMAKE_INSTALL_LIB_PREFIX/libsfml-$1.dylib\"\n            target=\"`readlink $source`\"\n        fi\n\n        copy \"$source\" \"$dest/$target\"\n\n        # copy extra dependencies\n        if [ \"$1\" = \"audio\" ]\n        then\n            # copy \"FLAC\" \"ogg\" \"vorbis\" \"vorbisenc\" \"vorbisfile\" \"OpenAL\" frameworks too\n            for f in \"FLAC\" \"ogg\" \"vorbis\" \"vorbisenc\" \"vorbisfile\" \"OpenAL\"\n            do\n                copy \"$CMAKE_INSTALL_FRAMEWORK_PREFIX/$f.framework\" \"$dest/$f.framework\"\n            done\n        elif [ \"$1\" = \"graphics\" ]\n        then\n            copy \"$CMAKE_INSTALL_FRAMEWORK_PREFIX/freetype.framework\" \"$dest/freetype.framework\"\n        fi\n    fi\n}\n\nif [ -n \"$SFML_SYSTEM\" ]\nthen\n    require \"system\"\nfi\n\nif [ -n \"$SFML_AUDIO\" ]\nthen\n    require \"audio\"\nfi\n\nif [ -n \"$SFML_NETWORK\" ]\nthen\n    require \"network\"\nfi\n\nif [ -n \"$SFML_WINDOW\" ]\nthen\n    require \"window\"\nfi\n\nif [ -n \"$SFML_GRAPHICS\" ]\nthen\n    require \"graphics\"\nfi\n\n                ";
		};
/* End PBXShellScriptBuildPhase section */

/* Begin PBXSourcesBuildPhase section */
		CD9D72571DA44E54005D2B00 /* Sources */ = {
			isa = PBXSourcesBuildPhase;
			buildActionMask = 2147483647;
			files = (
				CDDD34251DE679A300D52AED /* FreeCamera.cpp in Sources */,
				CD9D72821DA450C3005D2B00 /* Material.cpp in Sources */,
				CDCE8EC21DF44A9900DC3D2B /* Shader.cpp in Sources */,
				CD33E0DB1DFC544600ABF15C /* Text.cpp in Sources */,
				CD9D72651DA44E54005D2B00 /* main.cpp in Sources */,
				CD9D72791DA450AC005D2B00 /* Mesh.cpp in Sources */,
				CD9D72851DA450C9005D2B00 /* Camera.cpp in Sources */,
				CD9D72941DA453F2005D2B00 /* Window.cpp in Sources */,
				CD33E0E11DFC55B200ABF15C /* Text2D.cpp in Sources */,
				CD9D727F1DA450BB005D2B00 /* Texture.cpp in Sources */,
				CD9D72881DA450D4005D2B00 /* SpotLight.cpp in Sources */,
				CD85A1161DAD8308000511ED /* Scene.cpp in Sources */,
				CD9D727C1DA450B3005D2B00 /* Object.cpp in Sources */,
				CD2B67201DE9D40700140D8F /* Child.cpp in Sources */,
				CD5CDE021DC3CAFE006B12A9 /* WavefrontParser.cpp in Sources */,
				CD33E0E41DFC56F700ABF15C /* TextRenderer.cpp in Sources */,
				CD9D728E1DA450E4005D2B00 /* PointLight.cpp in Sources */,
				CD9D72621DA44E54005D2B00 /* ResourcePath.mm in Sources */,
				CD9D728B1DA450DC005D2B00 /* DirectionalLight.cpp in Sources */,
			);
			runOnlyForDeploymentPostprocessing = 0;
		};
/* End PBXSourcesBuildPhase section */

/* Begin XCBuildConfiguration section */
		CD9D726F1DA44E54005D2B00 /* Debug */ = {
			isa = XCBuildConfiguration;
			buildSettings = {
				CLANG_CXX_LANGUAGE_STANDARD = "c++0x";
				CLANG_CXX_LIBRARY = "libc++";
				CLANG_WARN_BOOL_CONVERSION = YES;
				CLANG_WARN_CONSTANT_CONVERSION = YES;
				CLANG_WARN_EMPTY_BODY = YES;
				CLANG_WARN_ENUM_CONVERSION = YES;
				CLANG_WARN_INFINITE_RECURSION = YES;
				CLANG_WARN_INT_CONVERSION = YES;
				CLANG_WARN_SUSPICIOUS_MOVE = YES;
				CLANG_WARN_UNREACHABLE_CODE = YES;
				CLANG_WARN__DUPLICATE_METHOD_MATCH = YES;
				ENABLE_STRICT_OBJC_MSGSEND = YES;
				ENABLE_TESTABILITY = YES;
				FRAMEWORK_SEARCH_PATHS = (
					/Library/Frameworks/,
					"$(inherited)",
				);
				GCC_NO_COMMON_BLOCKS = YES;
				GCC_VERSION = com.apple.compilers.llvm.clang.1_0;
				GCC_WARN_64_TO_32_BIT_CONVERSION = YES;
				GCC_WARN_ABOUT_RETURN_TYPE = YES;
				GCC_WARN_UNDECLARED_SELECTOR = YES;
				GCC_WARN_UNINITIALIZED_AUTOS = YES;
				GCC_WARN_UNUSED_FUNCTION = YES;
				GCC_WARN_UNUSED_VARIABLE = YES;
				HEADER_SEARCH_PATHS = (
					/usr/local/include/,
					"$(inherited)",
				);
				LIBRARY_SEARCH_PATHS = (
					/usr/local/lib/,
					"$(inherited)",
				);
				MACOSX_DEPLOYMENT_TARGET = 10.7;
				ONLY_ACTIVE_ARCH = YES;
				OTHER_LDFLAGS = (
					"$(inherited)",
					"$(SFML_SYSTEM)",
					"$(SFML_WINDOW)",
					"$(SFML_GRAPHICS)",
					"$(SFML_AUDIO)",
					"$(SFML_NETWORK)",
				);
				SFML_AUDIO = "$(SFML_LINK_PREFIX) sfml-audio$(SFML_LINK_SUFFIX)";
				SFML_BINARY_TYPE = FRAMEWORKS;
				SFML_GRAPHICS = "$(SFML_LINK_PREFIX) sfml-graphics$(SFML_LINK_SUFFIX)";
				SFML_LINK_DYLIBS_PREFIX = "-l";
				SFML_LINK_DYLIBS_SUFFIX = "";
				SFML_LINK_FRAMEWORKS_PREFIX = "-framework";
				SFML_LINK_FRAMEWORKS_SUFFIX = "";
				SFML_LINK_PREFIX = "$(SFML_LINK_$(SFML_BINARY_TYPE)_PREFIX)";
				SFML_LINK_SUFFIX = "$(SFML_LINK_$(SFML_BINARY_TYPE)_SUFFIX)";
				SFML_NETWORK = "";
				SFML_SYSTEM = "$(SFML_LINK_PREFIX) sfml-system$(SFML_LINK_SUFFIX)";
				SFML_WINDOW = "$(SFML_LINK_PREFIX) sfml-window$(SFML_LINK_SUFFIX)";
				SUPPORTED_PLATFORMS = macosx;
			};
			name = Debug;
		};
		CD9D72701DA44E54005D2B00 /* Release */ = {
			isa = XCBuildConfiguration;
			buildSettings = {
				CLANG_CXX_LANGUAGE_STANDARD = "c++0x";
				CLANG_CXX_LIBRARY = "libc++";
				CLANG_WARN_BOOL_CONVERSION = YES;
				CLANG_WARN_CONSTANT_CONVERSION = YES;
				CLANG_WARN_EMPTY_BODY = YES;
				CLANG_WARN_ENUM_CONVERSION = YES;
				CLANG_WARN_INFINITE_RECURSION = YES;
				CLANG_WARN_INT_CONVERSION = YES;
				CLANG_WARN_SUSPICIOUS_MOVE = YES;
				CLANG_WARN_UNREACHABLE_CODE = YES;
				CLANG_WARN__DUPLICATE_METHOD_MATCH = YES;
				ENABLE_STRICT_OBJC_MSGSEND = YES;
				FRAMEWORK_SEARCH_PATHS = (
					/Library/Frameworks/,
					"$(inherited)",
				);
				GCC_NO_COMMON_BLOCKS = YES;
				GCC_VERSION = com.apple.compilers.llvm.clang.1_0;
				GCC_WARN_64_TO_32_BIT_CONVERSION = YES;
				GCC_WARN_ABOUT_RETURN_TYPE = YES;
				GCC_WARN_UNDECLARED_SELECTOR = YES;
				GCC_WARN_UNINITIALIZED_AUTOS = YES;
				GCC_WARN_UNUSED_FUNCTION = YES;
				GCC_WARN_UNUSED_VARIABLE = YES;
				HEADER_SEARCH_PATHS = (
					/usr/local/include/,
					"$(inherited)",
				);
				LIBRARY_SEARCH_PATHS = (
					/usr/local/lib/,
					"$(inherited)",
				);
				MACOSX_DEPLOYMENT_TARGET = 10.7;
				OTHER_LDFLAGS = (
					"$(inherited)",
					"$(SFML_SYSTEM)",
					"$(SFML_WINDOW)",
					"$(SFML_GRAPHICS)",
					"$(SFML_AUDIO)",
					"$(SFML_NETWORK)",
				);
				SFML_AUDIO = "$(SFML_LINK_PREFIX) sfml-audio$(SFML_LINK_SUFFIX)";
				SFML_BINARY_TYPE = FRAMEWORKS;
				SFML_GRAPHICS = "$(SFML_LINK_PREFIX) sfml-graphics$(SFML_LINK_SUFFIX)";
				SFML_LINK_DYLIBS_PREFIX = "-l";
				SFML_LINK_DYLIBS_SUFFIX = "";
				SFML_LINK_FRAMEWORKS_PREFIX = "-framework";
				SFML_LINK_FRAMEWORKS_SUFFIX = "";
				SFML_LINK_PREFIX = "$(SFML_LINK_$(SFML_BINARY_TYPE)_PREFIX)";
				SFML_LINK_SUFFIX = "$(SFML_LINK_$(SFML_BINARY_TYPE)_SUFFIX)";
				SFML_NETWORK = "";
				SFML_SYSTEM = "$(SFML_LINK_PREFIX) sfml-system$(SFML_LINK_SUFFIX)";
				SFML_WINDOW = "$(SFML_LINK_PREFIX) sfml-window$(SFML_LINK_SUFFIX)";
				SUPPORTED_PLATFORMS = macosx;
			};
			name = Release;
		};
		CD9D72721DA44E54005D2B00 /* Debug */ = {
			isa = XCBuildConfiguration;
			buildSettings = {
				GCC_OPTIMIZATION_LEVEL = 0;
				HEADER_SEARCH_PATHS = (
					/usr/local/include/,
					"$(inherited)",
				);
				INFOPLIST_FILE = "locus/locus-Info.plist";
				LD_RUNPATH_SEARCH_PATHS = "@loader_path/../Frameworks";
				LIBRARY_SEARCH_PATHS = (
					"$(inherited)",
					/usr/local/Cellar/glfw3/3.2.1/lib,
					/usr/local/Cellar/glew/2.0.0/lib,
					/usr/local/Cellar/jsoncpp/1.7.7/lib,
				);
				PRODUCT_BUNDLE_IDENTIFIER = "com.majko.${PRODUCT_NAME:rfc1034identifier}";
				PRODUCT_NAME = "$(TARGET_NAME)";
			};
			name = Debug;
		};
		CD9D72731DA44E54005D2B00 /* Release */ = {
			isa = XCBuildConfiguration;
			buildSettings = {
				GCC_OPTIMIZATION_LEVEL = 0;
				HEADER_SEARCH_PATHS = (
					/usr/local/include/,
					"$(inherited)",
				);
				INFOPLIST_FILE = "locus/locus-Info.plist";
				LD_RUNPATH_SEARCH_PATHS = "@loader_path/../Frameworks";
				LIBRARY_SEARCH_PATHS = (
					"$(inherited)",
					/usr/local/Cellar/glfw3/3.2.1/lib,
					/usr/local/Cellar/glew/2.0.0/lib,
					/usr/local/Cellar/jsoncpp/1.7.7/lib,
				);
				PRODUCT_BUNDLE_IDENTIFIER = "com.majko.${PRODUCT_NAME:rfc1034identifier}";
				PRODUCT_NAME = "$(TARGET_NAME)";
			};
			name = Release;
		};
/* End XCBuildConfiguration section */

/* Begin XCConfigurationList section */
		CD9D72561DA44E54005D2B00 /* Build configuration list for PBXProject "locus" */ = {
			isa = XCConfigurationList;
			buildConfigurations = (
				CD9D726F1DA44E54005D2B00 /* Debug */,
				CD9D72701DA44E54005D2B00 /* Release */,
			);
			defaultConfigurationIsVisible = 0;
			defaultConfigurationName = Release;
		};
		CD9D72711DA44E54005D2B00 /* Build configuration list for PBXNativeTarget "locus" */ = {
			isa = XCConfigurationList;
			buildConfigurations = (
				CD9D72721DA44E54005D2B00 /* Debug */,
				CD9D72731DA44E54005D2B00 /* Release */,
			);
			defaultConfigurationIsVisible = 0;
			defaultConfigurationName = Release;
		};
/* End XCConfigurationList section */
	};
	rootObject = CD9D72531DA44E54005D2B00 /* Project object */;
}
